# THIS IS AN AUTOGENERATED FILE. DO NOT EDIT THIS FILE DIRECTLY.
# yarn lockfile v1


"@cspotcode/source-map-support@^0.8.0":
  version "0.8.1"
  resolved "https://registry.yarnpkg.com/@cspotcode/source-map-support/-/source-map-support-0.8.1.tgz#00629c35a688e05a88b1cda684fb9d5e73f000a1"
  integrity sha512-IchNf6dN4tHoMFIn/7OE8LWZ19Y6q/67Bmf6vnGREv8RSbBVb9LPJxEcnwrcwX6ixSvaiGoomAUvu4YSxXrVgw==
  dependencies:
    "@jridgewell/trace-mapping" "0.3.9"

"@jridgewell/resolve-uri@^3.0.3":
  version "3.1.0"
  resolved "https://registry.yarnpkg.com/@jridgewell/resolve-uri/-/resolve-uri-3.1.0.tgz#2203b118c157721addfe69d47b70465463066d78"
  integrity sha512-F2msla3tad+Mfht5cJq7LSXcdudKTWCVYUgw6pLFOOHSTtZlj6SWNYAp+AhuqLmWdBO2X5hPrLcu8cVP8fy28w==

"@jridgewell/sourcemap-codec@^1.4.10":
  version "1.4.14"
  resolved "https://registry.yarnpkg.com/@jridgewell/sourcemap-codec/-/sourcemap-codec-1.4.14.tgz#add4c98d341472a289190b424efbdb096991bb24"
  integrity sha512-XPSJHWmi394fuUuzDnGz1wiKqWfo1yXecHQMRf2l6hztTO+nPru658AyDngaBe7isIxEkRsPR3FZh+s7iVa4Uw==

"@jridgewell/trace-mapping@0.3.9":
  version "0.3.9"
  resolved "https://registry.yarnpkg.com/@jridgewell/trace-mapping/-/trace-mapping-0.3.9.tgz#6534fd5933a53ba7cbf3a17615e273a0d1273ff9"
  integrity sha512-3Belt6tdc8bPgAtbcmdtNJlirVoTmEb5e2gC94PnkwEW9jI6CAHUeoG85tjWP5WquqfavoMtMwiG4P926ZKKuQ==
  dependencies:
    "@jridgewell/resolve-uri" "^3.0.3"
    "@jridgewell/sourcemap-codec" "^1.4.10"

"@swc/core-darwin-arm64@1.3.24":
  version "1.3.24"
  resolved "https://registry.yarnpkg.com/@swc/core-darwin-arm64/-/core-darwin-arm64-1.3.24.tgz#d41fc574cb5049def9001903680fdd924f065052"
  integrity sha512-rR+9UpWm+fGXcipsjCst2hIL1GYIbo0YTLhJZWdIpQD6KRHHJMFXiydMgQQkDj2Ml7HpqUVgxj6m4ZWYL8b0OA==

"@swc/core-darwin-x64@1.3.24":
  version "1.3.24"
  resolved "https://registry.yarnpkg.com/@swc/core-darwin-x64/-/core-darwin-x64-1.3.24.tgz#0f7a3960b91cbd7f95f25542b29d0e08bde4f59d"
  integrity sha512-px+5vkGtgPH0m3FkkTBHynlRdS5rRz+lK+wiXIuBZFJSySWFl6RkKbvwkD+sf0MpazQlqwlv/rTOGJBw6oDffg==

"@swc/core-linux-arm-gnueabihf@1.3.24":
  version "1.3.24"
  resolved "https://registry.yarnpkg.com/@swc/core-linux-arm-gnueabihf/-/core-linux-arm-gnueabihf-1.3.24.tgz#a0fdd97b8341806b57290217830a5d1ab7d0b193"
  integrity sha512-jLs8ZOdTV4UW4J12E143QJ4mOMONQtqgAnuhBbRuWFzQ3ny1dfoC3P1jNWAJ2Xi59XdxAIXn0PggPNH4Kh34kw==

"@swc/core-linux-arm64-gnu@1.3.24":
  version "1.3.24"
  resolved "https://registry.yarnpkg.com/@swc/core-linux-arm64-gnu/-/core-linux-arm64-gnu-1.3.24.tgz#0536d03e12dd471ebafc180599488404aebb65cf"
  integrity sha512-A/v0h70BekrwGpp1DlzIFGcHQ3QQ2PexXcnnuIBZeMc9gNmHlcZmg3EcwAnaUDiokhNuSUFA/wV94yk1OqmSkw==

"@swc/core-linux-arm64-musl@1.3.24":
  version "1.3.24"
  resolved "https://registry.yarnpkg.com/@swc/core-linux-arm64-musl/-/core-linux-arm64-musl-1.3.24.tgz#54f46ffea1bf6ffcbe7c62037efaefdfb5115214"
  integrity sha512-pbc9eArWPTiMrbpS/pJo0IiQNAKAQBcBIDjWBGP1tcw2iDXYLw4bruwz9kI/VjakbshWb8MoE4T5ClkeuULvSw==

"@swc/core-linux-x64-gnu@1.3.24":
  version "1.3.24"
  resolved "https://registry.yarnpkg.com/@swc/core-linux-x64-gnu/-/core-linux-x64-gnu-1.3.24.tgz#c2b5cef83f8afd2a57d0eafbac083562d50cd0e6"
  integrity sha512-pP5pOLlY1xd352qo7rTlpVPUI9/9VhOd4b3Lk+LzfZDq9bTL2NDlGfyrPiwa5DGHMSzrugH56K2J68eutkxYVA==

"@swc/core-linux-x64-musl@1.3.24":
  version "1.3.24"
  resolved "https://registry.yarnpkg.com/@swc/core-linux-x64-musl/-/core-linux-x64-musl-1.3.24.tgz#3459d01f9bf745568a4196c1993987f3d4a98303"
  integrity sha512-phNbP7zGp+Wcyxq1Qxlpe5KkxO7WLT2kVQUC7aDFGlVdCr+xdXsfH1MzheHtnr0kqTVQX1aiM8XXXHfFxR0oNA==

"@swc/core-win32-arm64-msvc@1.3.24":
  version "1.3.24"
  resolved "https://registry.yarnpkg.com/@swc/core-win32-arm64-msvc/-/core-win32-arm64-msvc-1.3.24.tgz#85a18c844c00d66bf46db99d9c98e9550b4d28f5"
  integrity sha512-qhbiJTWAOqyR+K9xnGmCkOWSz2EmWpDBstEJCEOTc6FZiEdbiTscDmqTcMbCKaTHGu8t+6erVA4t65/Eg6uWPA==

"@swc/core-win32-ia32-msvc@1.3.24":
  version "1.3.24"
  resolved "https://registry.yarnpkg.com/@swc/core-win32-ia32-msvc/-/core-win32-ia32-msvc-1.3.24.tgz#18318199ba06cab4ead8f6122b9f30b3f452b1e7"
  integrity sha512-JfghIlscE4Rz+Lc08lSoDh+R0cWxrISed5biogFfE6vZqhaDnw3E5Qshqw7O3pIaiq8L2u1nmzuyP581ZmpbRA==

"@swc/core-win32-x64-msvc@1.3.24":
  version "1.3.24"
  resolved "https://registry.yarnpkg.com/@swc/core-win32-x64-msvc/-/core-win32-x64-msvc-1.3.24.tgz#b53746787e5af021787134d393fd67b0431f90d9"
  integrity sha512-3AmJRr0hwciwDBbzUNqaftvppzS8v9X/iv/Wl7YaVLBVpPfQvaZzfqLycvNMGLZb5vIKXR/u58txg3dRBGsJtw==

"@swc/core@^1.3.24":
  version "1.3.24"
  resolved "https://registry.yarnpkg.com/@swc/core/-/core-1.3.24.tgz#ef6b30267c1bbd48af62cbc91370fe9b3f5d6a23"
  integrity sha512-QMOTd0AgiUT3K1crxLRqd3gw0f3FC8hhH1vvlIlryvYqU4c+FJ/T2G4ZhMKLxQlZ/jX6Rhk0gKINZRBxy2GFyQ==
  optionalDependencies:
    "@swc/core-darwin-arm64" "1.3.24"
    "@swc/core-darwin-x64" "1.3.24"
    "@swc/core-linux-arm-gnueabihf" "1.3.24"
    "@swc/core-linux-arm64-gnu" "1.3.24"
    "@swc/core-linux-arm64-musl" "1.3.24"
    "@swc/core-linux-x64-gnu" "1.3.24"
    "@swc/core-linux-x64-musl" "1.3.24"
    "@swc/core-win32-arm64-msvc" "1.3.24"
    "@swc/core-win32-ia32-msvc" "1.3.24"
    "@swc/core-win32-x64-msvc" "1.3.24"

"@tsconfig/node10@^1.0.7":
  version "1.0.9"
  resolved "https://registry.yarnpkg.com/@tsconfig/node10/-/node10-1.0.9.tgz#df4907fc07a886922637b15e02d4cebc4c0021b2"
  integrity sha512-jNsYVVxU8v5g43Erja32laIDHXeoNvFEpX33OK4d6hljo3jDhCBDhx5dhCCTMWUojscpAagGiRkBKxpdl9fxqA==

"@tsconfig/node12@^1.0.7":
  version "1.0.11"
  resolved "https://registry.yarnpkg.com/@tsconfig/node12/-/node12-1.0.11.tgz#ee3def1f27d9ed66dac6e46a295cffb0152e058d"
  integrity sha512-cqefuRsh12pWyGsIoBKJA9luFu3mRxCA+ORZvA4ktLSzIuCUtWVxGIuXigEwO5/ywWFMZ2QEGKWvkZG1zDMTag==

"@tsconfig/node14@^1.0.0":
  version "1.0.3"
  resolved "https://registry.yarnpkg.com/@tsconfig/node14/-/node14-1.0.3.tgz#e4386316284f00b98435bf40f72f75a09dabf6c1"
  integrity sha512-ysT8mhdixWK6Hw3i1V2AeRqZ5WfXg1G43mqoYlM2nc6388Fq5jcXyr5mRsqViLx/GJYdoL0bfXD8nmF+Zn/Iow==

"@tsconfig/node16@^1.0.2":
  version "1.0.3"
  resolved "https://registry.yarnpkg.com/@tsconfig/node16/-/node16-1.0.3.tgz#472eaab5f15c1ffdd7f8628bd4c4f753995ec79e"
  integrity sha512-yOlFc+7UtL/89t2ZhjPvvB/DeAr3r+Dq58IgzsFkOAvVC6NMJXmCGjbptdXdR9qsX7pKcTL+s87FtYREi2dEEQ==

"@types/node@^18.11.13":
  version "18.11.18"
  resolved "https://registry.yarnpkg.com/@types/node/-/node-18.11.18.tgz#8dfb97f0da23c2293e554c5a50d61ef134d7697f"
  integrity sha512-DHQpWGjyQKSHj3ebjFI/wRKcqQcdR+MoFBygntYOZytCqNfkd2ZC4ARDJ2DQqhjH5p85Nnd3jhUJIXrszFX/JA==

acorn-walk@^8.1.1:
  version "8.2.0"
  resolved "https://registry.yarnpkg.com/acorn-walk/-/acorn-walk-8.2.0.tgz#741210f2e2426454508853a2f44d0ab83b7f69c1"
  integrity sha512-k+iyHEuPgSw6SbuDpGQM+06HQUa04DZ3o+F6CSzXMvvI5KMvnaEqXe+YVe555R9nn6GPt404fos4wcgpw12SDA==

acorn@^8.4.1:
  version "8.8.1"
  resolved "https://registry.yarnpkg.com/acorn/-/acorn-8.8.1.tgz#0a3f9cbecc4ec3bea6f0a80b66ae8dd2da250b73"
  integrity sha512-7zFpHzhnqYKrkYdUjF1HI1bzd0VygEGX8lFk4k5zVMqHEoES+P+7TKI+EvLO9WVMJ8eekdO0aDEK044xTXwPPA==

arg@^4.1.0:
  version "4.1.3"
  resolved "https://registry.yarnpkg.com/arg/-/arg-4.1.3.tgz#269fc7ad5b8e42cb63c896d5666017261c144089"
  integrity sha512-58S9QDqG0Xx27YwPSt9fJxivjYl432YCwfDMfZ+71RAqUrZef7LrKQZ3LHLOwCS4FLNBplP533Zx895SeOCHvA==

create-require@^1.1.0:
  version "1.1.1"
  resolved "https://registry.yarnpkg.com/create-require/-/create-require-1.1.1.tgz#c1d7e8f1e5f6cfc9ff65f9cd352d37348756c333"
  integrity sha512-dcKFX3jn0MpIaXjisoRvexIJVEKzaq7z2rZKxf+MSr9TkdmHmsU4m2lcLojrj/FHl8mk5VxMmYA+ftRkP/3oKQ==

diff@^4.0.1:
  version "4.0.2"
  resolved "https://registry.yarnpkg.com/diff/-/diff-4.0.2.tgz#60f3aecb89d5fae520c11aa19efc2bb982aade7d"
  integrity sha512-58lmxKSA4BNyLz+HHMUzlOEpg09FV+ev6ZMe3vJihgdxzgcwZ8VoEEPmALCZG9LmqfVoNMMKpttIYTVG6uDY7A==

make-error@^1.1.1:
  version "1.3.6"
  resolved "https://registry.yarnpkg.com/make-error/-/make-error-1.3.6.tgz#2eb2e37ea9b67c4891f684a1394799af484cf7a2"
  integrity sha512-s8UhlNe7vPKomQhC1qFelMokr/Sc3AgNbso3n74mVPA5LTZwkB9NlXf4XPamLxJE8h0gh73rM94xvwRT2CVInw==

swiss-ak@^1.16.0:
  version "1.16.0"
  resolved "https://registry.yarnpkg.com/swiss-ak/-/swiss-ak-1.16.0.tgz#64f8cc80f760c4b5f387871c451ead50ca6d3767"
  integrity sha512-ceDWtL8A2I3twIdZr9xlJGHfLPYHJ4CAr2sfr9W/a9IHuXfbwt0mtxDuFqnmZEqcsyKJa9yQb+EE8bKZSJ8JGg==

threads-esm@../..:
  version "1.0.0"
  dependencies:
    swiss-ak "^1.16.0"

ts-node@^10.9.1:
  version "10.9.1"
  resolved "https://registry.yarnpkg.com/ts-node/-/ts-node-10.9.1.tgz#e73de9102958af9e1f0b168a6ff320e25adcff4b"
  integrity sha512-NtVysVPkxxrwFGUUxGYhfux8k78pQB3JqYBXlLRZgdGUqTO5wU/UyHop5p70iEbGhB7q5KmiZiU0Y3KlJrScEw==
  dependencies:
    "@cspotcode/source-map-support" "^0.8.0"
    "@tsconfig/node10" "^1.0.7"
    "@tsconfig/node12" "^1.0.7"
    "@tsconfig/node14" "^1.0.0"
    "@tsconfig/node16" "^1.0.2"
    acorn "^8.4.1"
    acorn-walk "^8.1.1"
    arg "^4.1.0"
    create-require "^1.1.0"
    diff "^4.0.1"
    make-error "^1.1.1"
    v8-compile-cache-lib "^3.0.1"
    yn "3.1.1"

typescript@^4.9.4:
  version "4.9.4"
  resolved "https://registry.yarnpkg.com/typescript/-/typescript-4.9.4.tgz#a2a3d2756c079abda241d75f149df9d561091e78"
  integrity sha512-Uz+dTXYzxXXbsFpM86Wh3dKCxrQqUcVMxwU54orwlJjOpO3ao8L7j5lH+dWfTwgCwIuM9GQ2kvVotzYJMXTBZg==

v8-compile-cache-lib@^3.0.1:
  version "3.0.1"
  resolved "https://registry.yarnpkg.com/v8-compile-cache-lib/-/v8-compile-cache-lib-3.0.1.tgz#6336e8d71965cb3d35a1bbb7868445a7c05264bf"
  integrity sha512-wa7YjyUGfNZngI/vtK0UHAN+lgDCxBPCylVXGp0zu59Fz5aiGtNXaq3DhIov063MorB+VfufLh3JlF2KdTK3xg==

yn@3.1.1:
  version "3.1.1"
  resolved "https://registry.yarnpkg.com/yn/-/yn-3.1.1.tgz#1e87401a09d767c1d5eab26a6e4c185182d2eb50"
  integrity sha512-Ux4ygGWsu2c7isFWe8Yu1YluJmqVhxqK2cLXNQA5AcC3QfbGNpM7fu0Y8b/z16pXLnFxZYvWhd3fhBY9DLmC6Q==
